// !$*UTF8*$!
{
	archiveVersion = 1;
	classes = {
	};
	objectVersion = 46;
	objects = {

/* Begin PBXBuildFile section */
		664944AF1C17EACB00E0CD43 /* AppDelegate.swift in Sources */ = {isa = PBXBuildFile; fileRef = 664944AE1C17EACB00E0CD43 /* AppDelegate.swift */; };
		664944B41C17EACB00E0CD43 /* Main.storyboard in Resources */ = {isa = PBXBuildFile; fileRef = 664944B21C17EACB00E0CD43 /* Main.storyboard */; };
		664944B61C17EACB00E0CD43 /* Images.xcassets in Resources */ = {isa = PBXBuildFile; fileRef = 664944B51C17EACB00E0CD43 /* Images.xcassets */; };
		664944B91C17EACB00E0CD43 /* LaunchScreen.xib in Resources */ = {isa = PBXBuildFile; fileRef = 664944B71C17EACB00E0CD43 /* LaunchScreen.xib */; };
		664944C51C17EACC00E0CD43 /* NavigationExcrciseTests.swift in Sources */ = {isa = PBXBuildFile; fileRef = 664944C41C17EACC00E0CD43 /* NavigationExcrciseTests.swift */; };
		664944CF1C17F7F300E0CD43 /* LoopViewController.swift in Sources */ = {isa = PBXBuildFile; fileRef = 664944CE1C17F7F300E0CD43 /* LoopViewController.swift */; };
/* End PBXBuildFile section */

/* Begin PBXContainerItemProxy section */
		664944BF1C17EACC00E0CD43 /* PBXContainerItemProxy */ = {
			isa = PBXContainerItemProxy;
			containerPortal = 664944A11C17EACA00E0CD43 /* Project object */;
			proxyType = 1;
			remoteGlobalIDString = 664944A81C17EACB00E0CD43;
			remoteInfo = NavigationExcrcise;
		};
/* End PBXContainerItemProxy section */

/* Begin PBXFileReference section */
		664944A91C17EACB00E0CD43 /* NavigationExcrcise.app */ = {isa = PBXFileReference; explicitFileType = wrapper.application; includeInIndex = 0; path = NavigationExcrcise.app; sourceTree = BUILT_PRODUCTS_DIR; };
		664944AD1C17EACB00E0CD43 /* Info.plist */ = {isa = PBXFileReference; lastKnownFileType = text.plist.xml; path = Info.plist; sourceTree = "<group>"; };
		664944AE1C17EACB00E0CD43 /* AppDelegate.swift */ = {isa = PBXFileReference; lastKnownFileType = sourcecode.swift; path = AppDelegate.swift; sourceTree = "<group>"; };
		664944B31C17EACB00E0CD43 /* Base */ = {isa = PBXFileReference; lastKnownFileType = file.storyboard; name = Base; path = Base.lproj/Main.storyboard; sourceTree = "<group>"; };
		664944B51C17EACB00E0CD43 /* Images.xcassets */ = {isa = PBXFileReference; lastKnownFileType = folder.assetcatalog; path = Images.xcassets; sourceTree = "<group>"; };
		664944B81C17EACB00E0CD43 /* Base */ = {isa = PBXFileReference; lastKnownFileType = file.xib; name = Base; path = Base.lproj/LaunchScreen.xib; sourceTree = "<group>"; };
		664944BE1C17EACC00E0CD43 /* NavigationExcrciseTests.xctest */ = {isa = PBXFileReference; explicitFileType = wrapper.cfbundle; includeInIndex = 0; path = NavigationExcrciseTests.xctest; sourceTree = BUILT_PRODUCTS_DIR; };
		664944C31C17EACC00E0CD43 /* Info.plist */ = {isa = PBXFileReference; lastKnownFileType = text.plist.xml; path = Info.plist; sourceTree = "<group>"; };
		664944C41C17EACC00E0CD43 /* NavigationExcrciseTests.swift */ = {isa = PBXFileReference; lastKnownFileType = sourcecode.swift; path = NavigationExcrciseTests.swift; sourceTree = "<group>"; };
		664944CE1C17F7F300E0CD43 /* LoopViewController.swift */ = {isa = PBXFileReference; fileEncoding = 4; lastKnownFileType = sourcecode.swift; path = LoopViewController.swift; sourceTree = "<group>"; };
/* End PBXFileReference section */

/* Begin PBXFrameworksBuildPhase section */
		664944A61C17EACB00E0CD43 /* Frameworks */ = {
			isa = PBXFrameworksBuildPhase;
			buildActionMask = 2147483647;
			files = (
			);
			runOnlyForDeploymentPostprocessing = 0;
		};
		664944BB1C17EACC00E0CD43 /* Frameworks */ = {
			isa = PBXFrameworksBuildPhase;
			buildActionMask = 2147483647;
			files = (
			);
			runOnlyForDeploymentPostprocessing = 0;
		};
/* End PBXFrameworksBuildPhase section */

/* Begin PBXGroup section */
		664944A01C17EACA00E0CD43 = {
			isa = PBXGroup;
			children = (
				664944AB1C17EACB00E0CD43 /* NavigationExcrcise */,
				664944C11C17EACC00E0CD43 /* NavigationExcrciseTests */,
				664944AA1C17EACB00E0CD43 /* Products */,
			);
			sourceTree = "<group>";
		};
		664944AA1C17EACB00E0CD43 /* Products */ = {
			isa = PBXGroup;
			children = (
				664944A91C17EACB00E0CD43 /* NavigationExcrcise.app */,
				664944BE1C17EACC00E0CD43 /* NavigationExcrciseTests.xctest */,
			);
			name = Products;
			sourceTree = "<group>";
		};
		664944AB1C17EACB00E0CD43 /* NavigationExcrcise */ = {
			isa = PBXGroup;
			children = (
				664944AE1C17EACB00E0CD43 /* AppDelegate.swift */,
				664944B21C17EACB00E0CD43 /* Main.storyboard */,
				664944B51C17EACB00E0CD43 /* Images.xcassets */,
				664944B71C17EACB00E0CD43 /* LaunchScreen.xib */,
				664944AC1C17EACB00E0CD43 /* Supporting Files */,
				664944CE1C17F7F300E0CD43 /* LoopViewController.swift */,
			);
			path = NavigationExcrcise;
			sourceTree = "<group>";
		};
		664944AC1C17EACB00E0CD43 /* Supporting Files */ = {
			isa = PBXGroup;
			children = (
				664944AD1C17EACB00E0CD43 /* Info.plist */,
			);
			name = "Supporting Files";
			sourceTree = "<group>";
		};
		664944C11C17EACC00E0CD43 /* NavigationExcrciseTests */ = {
			isa = PBXGroup;
			children = (
				664944C41C17EACC00E0CD43 /* NavigationExcrciseTests.swift */,
				664944C21C17EACC00E0CD43 /* Supporting Files */,
			);
			path = NavigationExcrciseTests;
			sourceTree = "<group>";
		};
		664944C21C17EACC00E0CD43 /* Supporting Files */ = {
			isa = PBXGroup;
			children = (
				664944C31C17EACC00E0CD43 /* Info.plist */,
			);
			name = "Supporting Files";
			sourceTree = "<group>";
		};
/* End PBXGroup section */

/* Begin PBXNativeTarget section */
		664944A81C17EACB00E0CD43 /* NavigationExcrcise */ = {
			isa = PBXNativeTarget;
			buildConfigurationList = 664944C81C17EACC00E0CD43 /* Build configuration list for PBXNativeTarget "NavigationExcrcise" */;
			buildPhases = (
				664944A51C17EACB00E0CD43 /* Sources */,
				664944A61C17EACB00E0CD43 /* Frameworks */,
				664944A71C17EACB00E0CD43 /* Resources */,
			);
			buildRules = (
			);
			dependencies = (
			);
			name = NavigationExcrcise;
			productName = NavigationExcrcise;
			productReference = 664944A91C17EACB00E0CD43 /* NavigationExcrcise.app */;
			productType = "com.apple.product-type.application";
		};
		664944BD1C17EACC00E0CD43 /* NavigationExcrciseTests */ = {
			isa = PBXNativeTarget;
			buildConfigurationList = 664944CB1C17EACC00E0CD43 /* Build configuration list for PBXNativeTarget "NavigationExcrciseTests" */;
			buildPhases = (
				664944BA1C17EACC00E0CD43 /* Sources */,
				664944BB1C17EACC00E0CD43 /* Frameworks */,
				664944BC1C17EACC00E0CD43 /* Resources */,
			);
			buildRules = (
			);
			dependencies = (
				664944C01C17EACC00E0CD43 /* PBXTargetDependency */,
			);
			name = NavigationExcrciseTests;
			productName = NavigationExcrciseTests;
			productReference = 664944BE1C17EACC00E0CD43 /* NavigationExcrciseTests.xctest */;
			productType = "com.apple.product-type.bundle.unit-test";
		};
/* End PBXNativeTarget section */

/* Begin PBXProject section */
		664944A11C17EACA00E0CD43 /* Project object */ = {
			isa = PBXProject;
			attributes = {
				LastUpgradeCheck = 0800;
				ORGANIZATIONNAME = "川崎 隆介";
				TargetAttributes = {
					664944A81C17EACB00E0CD43 = {
						CreatedOnToolsVersion = 6.4;
						LastSwiftMigration = 0800;
					};
					664944BD1C17EACC00E0CD43 = {
						CreatedOnToolsVersion = 6.4;
						LastSwiftMigration = 0800;
						TestTargetID = 664944A81C17EACB00E0CD43;
					};
				};
			};
			buildConfigurationList = 664944A41C17EACA00E0CD43 /* Build configuration list for PBXProject "NavigationExcrcise" */;
			compatibilityVersion = "Xcode 3.2";
			developmentRegion = English;
			hasScannedForEncodings = 0;
			knownRegions = (
				en,
				Base,
			);
			mainGroup = 664944A01C17EACA00E0CD43;
			productRefGroup = 664944AA1C17EACB00E0CD43 /* Products */;
			projectDirPath = "";
			projectRoot = "";
			targets = (
				664944A81C17EACB00E0CD43 /* NavigationExcrcise */,
				664944BD1C17EACC00E0CD43 /* NavigationExcrciseTests */,
			);
		};
/* End PBXProject section */

/* Begin PBXResourcesBuildPhase section */
		664944A71C17EACB00E0CD43 /* Resources */ = {
			isa = PBXResourcesBuildPhase;
			buildActionMask = 2147483647;
			files = (
				664944B41C17EACB00E0CD43 /* Main.storyboard in Resources */,
				664944B91C17EACB00E0CD43 /* LaunchScreen.xib in Resources */,
				664944B61C17EACB00E0CD43 /* Images.xcassets in Resources */,
			);
			runOnlyForDeploymentPostprocessing = 0;
		};
		664944BC1C17EACC00E0CD43 /* Resources */ = {
			isa = PBXResourcesBuildPhase;
			buildActionMask = 2147483647;
			files = (
			);
			runOnlyForDeploymentPostprocessing = 0;
		};
/* End PBXResourcesBuildPhase section */

/* Begin PBXSourcesBuildPhase section */
		664944A51C17EACB00E0CD43 /* Sources */ = {
			isa = PBXSourcesBuildPhase;
			buildActionMask = 2147483647;
			files = (
				664944CF1C17F7F300E0CD43 /* LoopViewController.swift in Sources */,
				664944AF1C17EACB00E0CD43 /* AppDelegate.swift in Sources */,
			);
			runOnlyForDeploymentPostprocessing = 0;
		};
		664944BA1C17EACC00E0CD43 /* Sources */ = {
			isa = PBXSourcesBuildPhase;
			buildActionMask = 2147483647;
			files = (
				664944C51C17EACC00E0CD43 /* NavigationExcrciseTests.swift in Sources */,
			);
			runOnlyForDeploymentPostprocessing = 0;
		};
/* End PBXSourcesBuildPhase section */

/* Begin PBXTargetDependency section */
		664944C01C17EACC00E0CD43 /* PBXTargetDependency */ = {
			isa = PBXTargetDependency;
			target = 664944A81C17EACB00E0CD43 /* NavigationExcrcise */;
			targetProxy = 664944BF1C17EACC00E0CD43 /* PBXContainerItemProxy */;
		};
/* End PBXTargetDependency section */

/* Begin PBXVariantGroup section */
		664944B21C17EACB00E0CD43 /* Main.storyboard */ = {
			isa = PBXVariantGroup;
			children = (
				664944B31C17EACB00E0CD43 /* Base */,
			);
			name = Main.storyboard;
			sourceTree = "<group>";
		};
		664944B71C17EACB00E0CD43 /* LaunchScreen.xib */ = {
			isa = PBXVariantGroup;
			children = (
				664944B81C17EACB00E0CD43 /* Base */,
			);
			name = LaunchScreen.xib;
			sourceTree = "<group>";
		};
/* End PBXVariantGroup section */

/* Begin XCBuildConfiguration section */
		664944C61C17EACC00E0CD43 /* Debug */ = {
			isa = XCBuildConfiguration;
			buildSettings = {
				ALWAYS_SEARCH_USER_PATHS = NO;
				CLANG_CXX_LANGUAGE_STANDARD = "gnu++0x";
				CLANG_CXX_LIBRARY = "libc++";
				CLANG_ENABLE_MODULES = YES;
				CLANG_ENABLE_OBJC_ARC = YES;
				CLANG_WARN_BOOL_CONVERSION = YES;
				CLANG_WARN_CONSTANT_CONVERSION = YES;
				CLANG_WARN_DIRECT_OBJC_ISA_USAGE = YES_ERROR;
				CLANG_WARN_EMPTY_BODY = YES;
				CLANG_WARN_ENUM_CONVERSION = YES;
				CLANG_WARN_INFINITE_RECURSION = YES;
				CLANG_WARN_INT_CONVERSION = YES;
				CLANG_WARN_OBJC_ROOT_CLASS = YES_ERROR;
				CLANG_WARN_SUSPICIOUS_MOVE = YES;
				CLANG_WARN_UNREACHABLE_CODE = YES;
				CLANG_WARN__DUPLICATE_METHOD_MATCH = YES;
				"CODE_SIGN_IDENTITY[sdk=iphoneos*]" = "iPhone Developer";
				COPY_PHASE_STRIP = NO;
				DEBUG_INFORMATION_FORMAT = "dwarf-with-dsym";
				ENABLE_STRICT_OBJC_MSGSEND = YES;
				ENABLE_TESTABILITY = YES;
				GCC_C_LANGUAGE_STANDARD = gnu99;
				GCC_DYNAMIC_NO_PIC = NO;
				GCC_NO_COMMON_BLOCKS = YES;
				GCC_OPTIMIZATION_LEVEL = 0;
				GCC_PREPROCESSOR_DEFINITIONS = (
					"DEBUG=1",
					"$(inherited)",
				);
				GCC_SYMBOLS_PRIVATE_EXTERN = NO;
				GCC_WARN_64_TO_32_BIT_CONVERSION = YES;
				GCC_WARN_ABOUT_RETURN_TYPE = YES_ERROR;
				GCC_WARN_UNDECLARED_SELECTOR = YES;
				GCC_WARN_UNINITIALIZED_AUTOS = YES_AGGRESSIVE;
				GCC_WARN_UNUSED_FUNCTION = YES;
				GCC_WARN_UNUSED_VARIABLE = YES;
				IPHONEOS_DEPLOYMENT_TARGET = 8.4;
				MTL_ENABLE_DEBUG_INFO = YES;
				ONLY_ACTIVE_ARCH = YES;
				SDKROOT = iphoneos;
				SWIFT_OPTIMIZATION_LEVEL = "-Onone";
			};
			name = Debug;
		};
		664944C71C17EACC00E0CD43 /* Release */ = {
			isa = XCBuildConfiguration;
			buildSettings = {
				ALWAYS_SEARCH_USER_PATHS = NO;
				CLANG_CXX_LANGUAGE_STANDARD = "gnu++0x";
				CLANG_CXX_LIBRARY = "libc++";
				CLANG_ENABLE_MODULES = YES;
				CLANG_ENABLE_OBJC_ARC = YES;
				CLANG_WARN_BOOL_CONVERSION = YES;
				CLANG_WARN_CONSTANT_CONVERSION = YES;
				CLANG_WARN_DIRECT_OBJC_ISA_USAGE = YES_ERROR;
				CLANG_WARN_EMPTY_BODY = YES;
				CLANG_WARN_ENUM_CONVERSION = YES;
				CLANG_WARN_INFINITE_RECURSION = YES;
				CLANG_WARN_INT_CONVERSION = YES;
				CLANG_WARN_OBJC_ROOT_CLASS = YES_ERROR;
				CLANG_WARN_SUSPICIOUS_MOVE = YES;
				CLANG_WARN_UNREACHABLE_CODE = YES;
				CLANG_WARN__DUPLICATE_METHOD_MATCH = YES;
				"CODE_SIGN_IDENTITY[sdk=iphoneos*]" = "iPhone Developer";
				COPY_PHASE_STRIP = NO;
				DEBUG_INFORMATION_FORMAT = "dwarf-with-dsym";
				ENABLE_NS_ASSERTIONS = NO;
				ENABLE_STRICT_OBJC_MSGSEND = YES;
				GCC_C_LANGUAGE_STANDARD = gnu99;
				GCC_NO_COMMON_BLOCKS = YES;
				GCC_WARN_64_TO_32_BIT_CONVERSION = YES;
				GCC_WARN_ABOUT_RETURN_TYPE = YES_ERROR;
				GCC_WARN_UNDECLARED_SELECTOR = YES;
				GCC_WARN_UNINITIALIZED_AUTOS = YES_AGGRESSIVE;
				GCC_WARN_UNUSED_FUNCTION = YES;
				GCC_WARN_UNUSED_VARIABLE = YES;
				IPHONEOS_DEPLOYMENT_TARGET = 8.4;
				MTL_ENABLE_DEBUG_INFO = NO;
				SDKROOT = iphoneos;
				SWIFT_OPTIMIZATION_LEVEL = "-Owholemodule";
				VALIDATE_PRODUCT = YES;
			};
			name = Release;
		};
		664944C91C17EACC00E0CD43 /* Debug */ = {
			isa = XCBuildConfiguration;
			buildSettings = {
				ASSETCATALOG_COMPILER_APPICON_NAME = AppIcon;
				INFOPLIST_FILE = NavigationExcrcise/Info.plist;
				LD_RUNPATH_SEARCH_PATHS = "$(inherited) @executable_path/Frameworks";
				PRODUCT_BUNDLE_IDENTIFIER = "com.codable.$(PRODUCT_NAME:rfc1034identifier)";
				PRODUCT_NAME = "$(TARGET_NAME)";
				SWIFT_VERSION = 3.0;
			};
			name = Debug;
		};
		664944CA1C17EACC00E0CD43 /* Release */ = {
			isa = XCBuildConfiguration;
			buildSettings = {
				ASSETCATALOG_COMPILER_APPICON_NAME = AppIcon;
				INFOPLIST_FILE = NavigationExcrcise/Info.plist;
				LD_RUNPATH_SEARCH_PATHS = "$(inherited) @executable_path/Frameworks";
				PRODUCT_BUNDLE_IDENTIFIER = "com.codable.$(PRODUCT_NAME:rfc1034identifier)";
				PRODUCT_NAME = "$(TARGET_NAME)";
				SWIFT_VERSION = 3.0;
			};
			name = Release;
		};
		664944CC1C17EACC00E0CD43 /* Debug */ = {
			isa = XCBuildConfiguration;
			buildSettings = {
				BUNDLE_LOADER = "$(TEST_HOST)";
				FRAMEWORK_SEARCH_PATHS = (
					"$(SDKROOT)/Developer/Library/Frameworks",
					"$(inherited)",
				);
				GCC_PREPROCESSOR_DEFINITIONS = (
					"DEBUG=1",
					"$(inherited)",
				);
				INFOPLIST_FILE = NavigationExcrciseTests/Info.plist;
				LD_RUNPATH_SEARCH_PATHS = "$(inherited) @executable_path/Frameworks @loader_path/Frameworks";
				PRODUCT_BUNDLE_IDENTIFIER = "com.codable.$(PRODUCT_NAME:rfc1034identifier)";
				PRODUCT_NAME = "$(TARGET_NAME)";
				SWIFT_VERSION = 3.0;
				TEST_HOST = "$(BUILT_PRODUCTS_DIR)/NavigationExcrcise.app/NavigationExcrcise";
			};
			name = Debug;
		};
		664944CD1C17EACC00E0CD43 /* Release */ = {
			isa = XCBuildConfiguration;
			buildSettings = {
				BUNDLE_LOADER = "$(TEST_HOST)";
				FRAMEWORK_SEARCH_PATHS = (
					"$(SDKROOT)/Developer/Library/Frameworks",
					"$(inherited)",
				);
				INFOPLIST_FILE = NavigationExcrciseTests/Info.plist;
				LD_RUNPATH_SEARCH_PATHS = "$(inherited) @executable_path/Frameworks @loader_path/Frameworks";
				PRODUCT_BUNDLE_IDENTIFIER = "com.codable.$(PRODUCT_NAME:rfc1034identifier)";
				PRODUCT_NAME = "$(TARGET_NAME)";
				SWIFT_VERSION = 3.0;
				TEST_HOST = "$(BUILT_PRODUCTS_DIR)/NavigationExcrcise.app/NavigationExcrcise";
			};
			name = Release;
		};
/* End XCBuildConfiguration section */

/* Begin XCConfigurationList section */
		664944A41C17EACA00E0CD43 /* Build configuration list for PBXProject "NavigationExcrcise" */ = {
			isa = XCConfigurationList;
			buildConfigurations = (
				664944C61C17EACC00E0CD43 /* Debug */,
				664944C71C17EACC00E0CD43 /* Release */,
			);
			defaultConfigurationIsVisible = 0;
			defaultConfigurationName = Release;
		};
		664944C81C17EACC00E0CD43 /* Build configuration list for PBXNativeTarget "NavigationExcrcise" */ = {
			isa = XCConfigurationList;
			buildConfigurations = (
				664944C91C17EACC00E0CD43 /* Debug */,
				664944CA1C17EACC00E0CD43 /* Release */,
			);
			defaultConfigurationIsVisible = 0;
			defaultConfigurationName = Release;
		};
		664944CB1C17EACC00E0CD43 /* Build configuration list for PBXNativeTarget "NavigationExcrciseTests" */ = {
			isa = XCConfigurationList;
			buildConfigurations = (
				664944CC1C17EACC00E0CD43 /* Debug */,
				664944CD1C17EACC00E0CD43 /* Release */,
			);
			defaultConfigurationIsVisible = 0;
			defaultConfigurationName = Release;
		};
/* End XCConfigurationList section */
	};
	rootObject = 664944A11C17EACA00E0CD43 /* Project object */;
}
